
Microsoft Visual Studio Solution File, Format Version 12.00
# Visual Studio Version 17
VisualStudioVersion = 17.13.35931.197 d17.13
MinimumVisualStudioVersion = 10.0.40219.1
Project("{FAE04EC0-301F-11D3-BF4B-00C04F79EFBC}") = "CopyAndRename", "CopyAndRename\CopyAndRename.csproj", "{78A21D68-45E0-4953-A2B8-EF25982C298B}"
EndProject
Global
	GlobalSection(SolutionConfigurationPlatforms) = preSolution
		Debug|Any CPU = Debug|Any CPU
		Release|Any CPU = Release|Any CPU
	EndGlobalSection
	GlobalSection(ProjectConfigurationPlatforms) = postSolution
		{78A21D68-45E0-4953-A2B8-EF25982C298B}.Debug|Any CPU.ActiveCfg = Debug|Any CPU
		{78A21D68-45E0-4953-A2B8-EF25982C298B}.Debug|Any CPU.Build.0 = Debug|Any CPU
		{78A21D68-45E0-4953-A2B8-EF25982C298B}.Release|Any CPU.ActiveCfg = Release|Any CPU
		{78A21D68-45E0-4953-A2B8-EF25982C298B}.Release|Any CPU.Build.0 = Release|Any CPU
	EndGlobalSection
	GlobalSection(SolutionProperties) = preSolution
		HideSolutionNode = FALSE
	EndGlobalSection
	GlobalSection(ExtensibilityGlobals) = postSolution
		SolutionGuid = {EBDEF4FD-2CBE-4E2C-A88A-72461D98E3C8}
	EndGlobalSection
EndGlobal
